Microsoft Visual Studio Solution File, Format Version 11.00
# Visual Studio 2010
Project("{FAE04EC0-301F-11D3-BF4B-00C04F79EFBC}") = "Assembly-CSharp-firstpass", "Assembly-CSharp-firstpass.csproj", "{B11CC62A-E027-46AA-8292-3F3751A8F59F}"
EndProject
Project("{FAE04EC0-301F-11D3-BF4B-00C04F79EFBC}") = "Assembly-CSharp", "Assembly-CSharp.csproj", "{87201146-7709-D2C3-C34D-35A60E470BF6}"
EndProject
Project("{FAE04EC0-301F-11D3-BF4B-00C04F79EFBC}") = "Assembly-CSharp-Editor-firstpass", "Assembly-CSharp-Editor-firstpass.csproj", "{C40AF723-A1B6-5B1F-82F1-E9D79446FAF9}"
EndProject
Global
	GlobalSection(SolutionConfigurationPlatforms) = preSolution
		Debug|Any CPU = Debug|Any CPU
		Release|Any CPU = Release|Any CPU
	EndGlobalSection
	GlobalSection(ProjectConfigurationPlatforms) = postSolution
		{B11CC62A-E027-46AA-8292-3F3751A8F59F}.Debug|Any CPU.ActiveCfg = Debug|Any CPU
		{B11CC62A-E027-46AA-8292-3F3751A8F59F}.Debug|Any CPU.Build.0 = Debug|Any CPU
		{B11CC62A-E027-46AA-8292-3F3751A8F59F}.Release|Any CPU.ActiveCfg = Release|Any CPU
		{B11CC62A-E027-46AA-8292-3F3751A8F59F}.Release|Any CPU.Build.0 = Release|Any CPU
		{87201146-7709-D2C3-C34D-35A60E470BF6}.Debug|Any CPU.ActiveCfg = Debug|Any CPU
		{87201146-7709-D2C3-C34D-35A60E470BF6}.Debug|Any CPU.Build.0 = Debug|Any CPU
		{87201146-7709-D2C3-C34D-35A60E470BF6}.Release|Any CPU.ActiveCfg = Release|Any CPU
		{87201146-7709-D2C3-C34D-35A60E470BF6}.Release|Any CPU.Build.0 = Release|Any CPU
		{C40AF723-A1B6-5B1F-82F1-E9D79446FAF9}.Debug|Any CPU.ActiveCfg = Debug|Any CPU
		{C40AF723-A1B6-5B1F-82F1-E9D79446FAF9}.Debug|Any CPU.Build.0 = Debug|Any CPU
		{C40AF723-A1B6-5B1F-82F1-E9D79446FAF9}.Release|Any CPU.ActiveCfg = Release|Any CPU
		{C40AF723-A1B6-5B1F-82F1-E9D79446FAF9}.Release|Any CPU.Build.0 = Release|Any CPU
	EndGlobalSection
	GlobalSection(SolutionProperties) = preSolution
		HideSolutionNode = FALSE
	EndGlobalSection
	GlobalSection(MonoDevelopProperties) = preSolution
		StartupItem = Assembly-CSharp.csproj
	EndGlobalSection
EndGlobal
